{
  "name": "novelfriend",
  "lockfileVersion": 3,
  "requires": true,
  "packages": {
    "": {
      "devDependencies": {
        "@ivy-apps/deslop": "^0.8.1"
      }
    },
    "node_modules/@ivy-apps/deslop": {
      "version": "0.8.1",
      "resolved": "https://registry.npmjs.org/@ivy-apps/deslop/-/deslop-0.8.1.tgz",
      "integrity": "sha512-poIFem0VwLxJ9YCGcAT72v0w7nkKSXqKXCVqNNMDqI8BsJHlUE3Rv3OQme2Ti+Mq4VElqnoqlL1R+2RubW/hqw==",
      "dev": true,
      "license": "MIT",
      "bin": {
        "deslop": "wrapper.js"
      },
      "engines": {
        "node": ">=18"
      },
      "optionalDependencies": {
        "@ivy-apps/deslop-darwin-arm64": "0.8.1",
        "@ivy-apps/deslop-linux-arm64": "0.8.1",
        "@ivy-apps/deslop-linux-x64": "0.8.1"
      }
    },
    "node_modules/@ivy-apps/deslop-darwin-arm64": {
      "version": "0.8.1",
      "resolved": "https://registry.npmjs.org/@ivy-apps/deslop-darwin-arm64/-/deslop-darwin-arm64-0.8.1.tgz",
      "integrity": "sha512-eVlKSyFf/RxkPnlrtLklNcr2brOS+oRZDNBw/TFnke/iqCCcRxXw9EYtdpgWz+gHQAMtIO1RxZTqgJqoiSkNsA==",
      "cpu": [
        "arm64"
      ],
      "dev": true,
      "license": "MIT",
      "optional": true,
      "os": [
        "darwin"
      ]
    },
    "node_modules/@ivy-apps/deslop-linux-arm64": {
      "version": "0.8.1",
      "resolved": "https://registry.npmjs.org/@ivy-apps/deslop-linux-arm64/-/deslop-linux-arm64-0.8.1.tgz",
      "integrity": "sha512-6F4Gh4a78Pn725Dh33PCb+M/mnujv/88lDaw9ytADWBmsgqmUY2jSXZ3NclyCXhDtWcs3DP2XyhfKk7eLZE0XA==",
      "cpu": [
        "arm64"
      ],
      "dev": true,
      "license": "MIT",
      "optional": true,
      "os": [
        "linux"
      ]
    },
    "node_modules/@ivy-apps/deslop-linux-x64": {
      "version": "0.8.1",
      "resolved": "https://registry.npmjs.org/@ivy-apps/deslop-linux-x64/-/deslop-linux-x64-0.8.1.tgz",
      "integrity": "sha512-eQ1+lvVfc9tW1CMZDyLsXZ3EpUaCCgzZvUwgqi0P2VupIltGjiJX86qF/kQ3hxEdWfOykMubg0AsLDcDe+yfdw==",
      "cpu": [
        "x64"
      ],
      "dev": true,
      "license": "MIT",
      "optional": true,
      "os": [
        "linux"
      ]
    }
  }
}
